
Microsoft Visual Studio Solution File, Format Version 11.00
# Visual Studio 2010
Project("{E24C65DC-7377-472B-9ABA-BC803B73C61A}") = "MasterPages", "D:\Code\Pro ASP.NET 4\Chapter16\MasterPages\", "{94071AB1-7E32-411A-BE86-119EBE653948}"
	ProjectSection(WebsiteProperties) = preProject
		TargetFrameworkMoniker = ".NETFramework,Version%3Dv4.0"
		Debug.AspNetCompiler.VirtualPath = "/MasterPages"
		Debug.AspNetCompiler.PhysicalPath = "MasterPages\"
		Debug.AspNetCompiler.TargetPath = "PrecompiledWeb\MasterPages\"
		Debug.AspNetCompiler.Updateable = "true"
		Debug.AspNetCompiler.ForceOverwrite = "true"
		Debug.AspNetCompiler.FixedNames = "false"
		Debug.AspNetCompiler.Debug = "True"
		Release.AspNetCompiler.VirtualPath = "/MasterPages"
		Release.AspNetCompiler.PhysicalPath = "MasterPages\"
		Release.AspNetCompiler.TargetPath = "PrecompiledWeb\MasterPages\"
		Release.AspNetCompiler.Updateable = "true"
		Release.AspNetCompiler.ForceOverwrite = "true"
		Release.AspNetCompiler.FixedNames = "false"
		Release.AspNetCompiler.Debug = "False"
		VWDPort = "58902"
	EndProjectSection
EndProject
Global
	GlobalSection(SolutionConfigurationPlatforms) = preSolution
		Debug|Any CPU = Debug|Any CPU
	EndGlobalSection
	GlobalSection(ProjectConfigurationPlatforms) = postSolution
		{94071AB1-7E32-411A-BE86-119EBE653948}.Debug|Any CPU.ActiveCfg = Debug|Any CPU
		{94071AB1-7E32-411A-BE86-119EBE653948}.Debug|Any CPU.Build.0 = Debug|Any CPU
	EndGlobalSection
	GlobalSection(SolutionProperties) = preSolution
		HideSolutionNode = FALSE
	EndGlobalSection
EndGlobal
