
Microsoft Visual Studio Solution File, Format Version 11.00
# Visual Studio 2010
Project("{E24C65DC-7377-472B-9ABA-BC803B73C61A}") = "SqlProfileProviderWindowsAuthentication", "SqlProfileProviderWindowsAuthentication\", "{30F20581-80C3-4CF5-80AB-260602989AA9}"
	ProjectSection(WebsiteProperties) = preProject
		TargetFrameworkMoniker = ".NETFramework,Version%3Dv4.0"
		Debug.AspNetCompiler.VirtualPath = "/SqlProfileProviderWindowsAuthentication"
		Debug.AspNetCompiler.PhysicalPath = "SqlProfileProviderWindowsAuthentication\"
		Debug.AspNetCompiler.TargetPath = "PrecompiledWeb\SqlProfileProviderWindowsAuthentication\"
		Debug.AspNetCompiler.Updateable = "true"
		Debug.AspNetCompiler.ForceOverwrite = "true"
		Debug.AspNetCompiler.FixedNames = "false"
		Debug.AspNetCompiler.Debug = "True"
		Release.AspNetCompiler.VirtualPath = "/SqlProfileProviderWindowsAuthentication"
		Release.AspNetCompiler.PhysicalPath = "SqlProfileProviderWindowsAuthentication\"
		Release.AspNetCompiler.TargetPath = "PrecompiledWeb\SqlProfileProviderWindowsAuthentication\"
		Release.AspNetCompiler.Updateable = "true"
		Release.AspNetCompiler.ForceOverwrite = "true"
		Release.AspNetCompiler.FixedNames = "false"
		Release.AspNetCompiler.Debug = "False"
		VWDPort = "5864"
	EndProjectSection
EndProject
Global
	GlobalSection(SolutionConfigurationPlatforms) = preSolution
		Debug|Any CPU = Debug|Any CPU
	EndGlobalSection
	GlobalSection(ProjectConfigurationPlatforms) = postSolution
		{30F20581-80C3-4CF5-80AB-260602989AA9}.Debug|Any CPU.ActiveCfg = Debug|Any CPU
		{30F20581-80C3-4CF5-80AB-260602989AA9}.Debug|Any CPU.Build.0 = Debug|Any CPU
	EndGlobalSection
	GlobalSection(SolutionProperties) = preSolution
		HideSolutionNode = FALSE
	EndGlobalSection
EndGlobal
