
Microsoft Visual Studio Solution File, Format Version 11.00
# Visual Studio 2010
Project("{E24C65DC-7377-472B-9ABA-BC803B73C61A}") = "ClassicASP", "..\Chapter21\ClassicASP\", "{229CE650-7BA7-4616-9C4B-AF6F6C6D9B5E}"
	ProjectSection(WebsiteProperties) = preProject
		TargetFrameworkMoniker = ".NETFramework,Version%3Dv4.0"
		Debug.AspNetCompiler.VirtualPath = "/ClassicASP"
		Debug.AspNetCompiler.PhysicalPath = "D:\Code\Pro ASP.NET 4\Chapter21\ClassicASP\"
		Debug.AspNetCompiler.TargetPath = "PrecompiledWeb\ClassicASP\"
		Debug.AspNetCompiler.Updateable = "true"
		Debug.AspNetCompiler.ForceOverwrite = "true"
		Debug.AspNetCompiler.FixedNames = "false"
		Debug.AspNetCompiler.Debug = "True"
		Release.AspNetCompiler.VirtualPath = "/ClassicASP"
		Release.AspNetCompiler.PhysicalPath = "D:\Code\Pro ASP.NET 4\Chapter21\ClassicASP\"
		Release.AspNetCompiler.TargetPath = "PrecompiledWeb\ClassicASP\"
		Release.AspNetCompiler.Updateable = "true"
		Release.AspNetCompiler.ForceOverwrite = "true"
		Release.AspNetCompiler.FixedNames = "false"
		Release.AspNetCompiler.Debug = "False"
		VWDPort = "9968"
	EndProjectSection
EndProject
Global
	GlobalSection(SolutionConfigurationPlatforms) = preSolution
		Debug|Any CPU = Debug|Any CPU
	EndGlobalSection
	GlobalSection(ProjectConfigurationPlatforms) = postSolution
		{229CE650-7BA7-4616-9C4B-AF6F6C6D9B5E}.Debug|Any CPU.ActiveCfg = Debug|Any CPU
		{229CE650-7BA7-4616-9C4B-AF6F6C6D9B5E}.Debug|Any CPU.Build.0 = Debug|Any CPU
	EndGlobalSection
	GlobalSection(SolutionProperties) = preSolution
		HideSolutionNode = FALSE
	EndGlobalSection
EndGlobal
