
Microsoft Visual Studio Solution File, Format Version 11.00
# Visual Studio 2010
Project("{E24C65DC-7377-472B-9ABA-BC803B73C61A}") = "ViewsAndWizards", "ViewsAndWizards\", "{299497E7-E901-4347-96E6-52E3E5E8E543}"
	ProjectSection(WebsiteProperties) = preProject
		TargetFrameworkMoniker = ".NETFramework,Version%3Dv4.0"
		Debug.AspNetCompiler.VirtualPath = "/ViewsAndWizards"
		Debug.AspNetCompiler.PhysicalPath = "D:\Code\Pro ASP.NET 4\Chapter17\ViewsAndWizards\"
		Debug.AspNetCompiler.TargetPath = "PrecompiledWeb\ViewsAndWizards\"
		Debug.AspNetCompiler.Updateable = "true"
		Debug.AspNetCompiler.ForceOverwrite = "true"
		Debug.AspNetCompiler.FixedNames = "false"
		Debug.AspNetCompiler.Debug = "True"
		Release.AspNetCompiler.VirtualPath = "/ViewsAndWizards"
		Release.AspNetCompiler.PhysicalPath = "D:\Code\Pro ASP.NET 4\Chapter17\ViewsAndWizards\"
		Release.AspNetCompiler.TargetPath = "PrecompiledWeb\ViewsAndWizards\"
		Release.AspNetCompiler.Updateable = "true"
		Release.AspNetCompiler.ForceOverwrite = "true"
		Release.AspNetCompiler.FixedNames = "false"
		Release.AspNetCompiler.Debug = "False"
		VWDPort = "9734"
	EndProjectSection
EndProject
Global
	GlobalSection(SolutionConfigurationPlatforms) = preSolution
		Debug|Any CPU = Debug|Any CPU
	EndGlobalSection
	GlobalSection(ProjectConfigurationPlatforms) = postSolution
		{299497E7-E901-4347-96E6-52E3E5E8E543}.Debug|Any CPU.ActiveCfg = Debug|Any CPU
		{299497E7-E901-4347-96E6-52E3E5E8E543}.Debug|Any CPU.Build.0 = Debug|Any CPU
	EndGlobalSection
	GlobalSection(SolutionProperties) = preSolution
		HideSolutionNode = FALSE
	EndGlobalSection
EndGlobal
