
Microsoft Visual Studio Solution File, Format Version 11.00
# Visual Studio 2010
Project("{E24C65DC-7377-472B-9ABA-BC803B73C61A}") = "Ajax", "Ajax\", "{707BAF64-AAD1-4DD6-9ADB-6CE2CCA6D736}"
	ProjectSection(WebsiteProperties) = preProject
		TargetFrameworkMoniker = ".NETFramework,Version%3Dv4.0"
		Debug.AspNetCompiler.VirtualPath = "/Ajax"
		Debug.AspNetCompiler.PhysicalPath = "Ajax\"
		Debug.AspNetCompiler.TargetPath = "PrecompiledWeb\Ajax\"
		Debug.AspNetCompiler.Updateable = "true"
		Debug.AspNetCompiler.ForceOverwrite = "true"
		Debug.AspNetCompiler.FixedNames = "false"
		Debug.AspNetCompiler.Debug = "True"
		Release.AspNetCompiler.VirtualPath = "/Ajax"
		Release.AspNetCompiler.PhysicalPath = "Ajax\"
		Release.AspNetCompiler.TargetPath = "PrecompiledWeb\Ajax\"
		Release.AspNetCompiler.Updateable = "true"
		Release.AspNetCompiler.ForceOverwrite = "true"
		Release.AspNetCompiler.FixedNames = "false"
		Release.AspNetCompiler.Debug = "False"
		VWDPort = "6190"
	EndProjectSection
EndProject
Global
	GlobalSection(SolutionConfigurationPlatforms) = preSolution
		Debug|Any CPU = Debug|Any CPU
	EndGlobalSection
	GlobalSection(ProjectConfigurationPlatforms) = postSolution
		{707BAF64-AAD1-4DD6-9ADB-6CE2CCA6D736}.Debug|Any CPU.ActiveCfg = Debug|Any CPU
		{707BAF64-AAD1-4DD6-9ADB-6CE2CCA6D736}.Debug|Any CPU.Build.0 = Debug|Any CPU
	EndGlobalSection
	GlobalSection(SolutionProperties) = preSolution
		HideSolutionNode = FALSE
	EndGlobalSection
EndGlobal
